
Microsoft Visual Studio Solution File, Format Version 12.00
# Visual Studio Version 16
VisualStudioVersion = 16.0.32002.261
MinimumVisualStudioVersion = 10.0.40219.1
Project("{9A19103F-16F7-4668-BE54-9A1E7A4F7556}") = "FixIFix", "FixIFix.csproj", "{474762DC-6D4C-45F2-97AA-BC68503CA8FF}"
EndProject
Project("{FAE04EC0-301F-11D3-BF4B-00C04F79EFBC}") = "Test", "Test\Test.csproj", "{EAA38500-F920-4EA5-BB00-F9783D2962F7}"
EndProject
Global
	GlobalSection(SolutionConfigurationPlatforms) = preSolution
		Debug|Any CPU = Debug|Any CPU
		Release|Any CPU = Release|Any CPU
	EndGlobalSection
	GlobalSection(ProjectConfigurationPlatforms) = postSolution
		{474762DC-6D4C-45F2-97AA-BC68503CA8FF}.Debug|Any CPU.ActiveCfg = Debug|Any CPU
		{474762DC-6D4C-45F2-97AA-BC68503CA8FF}.Debug|Any CPU.Build.0 = Debug|Any CPU
		{474762DC-6D4C-45F2-97AA-BC68503CA8FF}.Release|Any CPU.ActiveCfg = Release|Any CPU
		{474762DC-6D4C-45F2-97AA-BC68503CA8FF}.Release|Any CPU.Build.0 = Release|Any CPU
		{EAA38500-F920-4EA5-BB00-F9783D2962F7}.Debug|Any CPU.ActiveCfg = Debug|Any CPU
		{EAA38500-F920-4EA5-BB00-F9783D2962F7}.Debug|Any CPU.Build.0 = Debug|Any CPU
		{EAA38500-F920-4EA5-BB00-F9783D2962F7}.Release|Any CPU.ActiveCfg = Release|Any CPU
		{EAA38500-F920-4EA5-BB00-F9783D2962F7}.Release|Any CPU.Build.0 = Release|Any CPU
	EndGlobalSection
	GlobalSection(SolutionProperties) = preSolution
		HideSolutionNode = FALSE
	EndGlobalSection
	GlobalSection(ExtensibilityGlobals) = postSolution
		SolutionGuid = {5C9E4903-175C-48B8-875F-CF38FFA3F0BD}
	EndGlobalSection
EndGlobal
